<?xml version="1.0" encoding="utf-8"?>
<Project ToolsVersion="4.0" xmlns="http://schemas.microsoft.com/developer/msbuild/2003">
  <ItemGroup>
    <Filter Include="Source Files">
      <UniqueIdentifier>{4FC737F1-C7A5-4376-A066-2A32D752A2FF}</UniqueIdentifier>
      <Extensions>cpp;c;cc;cxx;c++;cppm;ixx;def;odl;idl;hpj;bat;asm;asmx</Extensions>
    </Filter>
    <Filter Include="Header Files">
      <UniqueIdentifier>{93995380-89BD-4b04-88EB-625FBE52EBFB}</UniqueIdentifier>
      <Extensions>h;hh;hpp;hxx;h++;hm;inl;inc;ipp;xsd</Extensions>
    </Filter>
    <Filter Include="Resource Files">
      <UniqueIdentifier>{67DA6AB6-F800-4c08-8B7A-83BB121AAD01}</UniqueIdentifier>
      <Extensions>rc;ico;cur;bmp;dlg;rc2;rct;bin;rgs;gif;jpg;jpeg;jpe;resx;tiff;tif;png;wav;mfcribbon-ms</Extensions>
    </Filter>
    <Filter Include="Header Files\Worksheets">
      <UniqueIdentifier>{473dd201-8368-4d27-8d2e-40ac8f39bc93}</UniqueIdentifier>
    </Filter>
    <Filter Include="Header Files\Homework">
      <UniqueIdentifier>{fae8215e-882f-41ca-ae56-386b391d3197}</UniqueIdentifier>
    </Filter>
    <Filter Include="Source Files\Homework">
      <UniqueIdentifier>{f411eab4-1ad6-491a-ba17-087b45d30073}</UniqueIdentifier>
    </Filter>
    <Filter Include="Source Files\Worksheets">
      <UniqueIdentifier>{5bc7b959-2640-47d1-9c77-5bae6ab35139}</UniqueIdentifier>
    </Filter>
  </ItemGroup>
  <ItemGroup>
    <ClCompile Include="myArray.cpp">
      <Filter>Source Files</Filter>
    </ClCompile>
    <ClCompile Include="main.cpp">
      <Filter>Source Files</Filter>
    </ClCompile>
    <ClCompile Include="WEEK2WS.h">
      <Filter>Header Files\Worksheets</Filter>
    </ClCompile>
    <ClCompile Include="WEEK2WS.cpp">
      <Filter>Source Files\Worksheets</Filter>
    </ClCompile>
    <ClCompile Include="WEEK3WS.h">
      <Filter>Header Files\Worksheets</Filter>
    </ClCompile>
    <ClCompile Include="WEEK3WS.cpp">
      <Filter>Source Files\Worksheets</Filter>
    </ClCompile>
  </ItemGroup>
  <ItemGroup>
    <ClInclude Include="myArray.h">
      <Filter>Header Files</Filter>
    </ClInclude>
  </ItemGroup>
</Project>